
Microsoft Visual Studio Solution File, Format Version 11.00
# Visual Studio 2010
Project("{FAE04EC0-301F-11D3-BF4B-00C04F79EFBC}") = "QuanLy", "QuanLy\QuanLy.csproj", "{819FEBAC-D783-4526-857C-6D31F472FF28}"
EndProject
Global
	GlobalSection(SolutionConfigurationPlatforms) = preSolution
		Debug|Any CPU = Debug|Any CPU
		Release|Any CPU = Release|Any CPU
	EndGlobalSection
	GlobalSection(ProjectConfigurationPlatforms) = postSolution
		{819FEBAC-D783-4526-857C-6D31F472FF28}.Debug|Any CPU.ActiveCfg = Debug|Any CPU
		{819FEBAC-D783-4526-857C-6D31F472FF28}.Debug|Any CPU.Build.0 = Debug|Any CPU
		{819FEBAC-D783-4526-857C-6D31F472FF28}.Release|Any CPU.ActiveCfg = Release|Any CPU
		{819FEBAC-D783-4526-857C-6D31F472FF28}.Release|Any CPU.Build.0 = Release|Any CPU
	EndGlobalSection
	GlobalSection(SolutionProperties) = preSolution
		HideSolutionNode = FALSE
	EndGlobalSection
EndGlobal
